// !$*UTF8*$!
{
	archiveVersion = 1;
	classes = {
	};
	objectVersion = 46;
	objects = {

/* Begin PBXBuildFile section */
		0786B7CE8B6EB5284D0EE61C /* Pods_MyApp_NuoNuo.framework in Frameworks */ = {isa = PBXBuildFile; fileRef = 91826F5D95F36071FB51B5C3 /* Pods_MyApp_NuoNuo.framework */; };
		9B04B97B1D2E882200C5D064 /* NetworkResourceDef.swift in Sources */ = {isa = PBXBuildFile; fileRef = 9B04B97A1D2E882200C5D064 /* NetworkResourceDef.swift */; };
		9B04B9841D2E933900C5D064 /* Register.storyboard in Resources */ = {isa = PBXBuildFile; fileRef = 9B04B9821D2E933900C5D064 /* Register.storyboard */; };
		9B04B9911D37C8F400C5D064 /* LoginViewController.swift in Sources */ = {isa = PBXBuildFile; fileRef = 9B04B9901D37C8F400C5D064 /* LoginViewController.swift */; };
		9B04B9951D3D2DBE00C5D064 /* VerifyViewController.swift in Sources */ = {isa = PBXBuildFile; fileRef = 9B04B9941D3D2DBE00C5D064 /* VerifyViewController.swift */; };
		9B04B9991D3D348700C5D064 /* RegisterViewController.swift in Sources */ = {isa = PBXBuildFile; fileRef = 9B04B9981D3D348700C5D064 /* RegisterViewController.swift */; };
		9B04B99E1D3E5D1A00C5D064 /* Constants.swift in Sources */ = {isa = PBXBuildFile; fileRef = 9B04B99D1D3E5D1A00C5D064 /* Constants.swift */; };
		9B2A034E1D7C5F2B0091BDF1 /* PostViewController.swift in Sources */ = {isa = PBXBuildFile; fileRef = 9B2A034D1D7C5F2B0091BDF1 /* PostViewController.swift */; };
		9B42F14E1D7D78D100F5807A /* BmobPost.swift in Sources */ = {isa = PBXBuildFile; fileRef = 9B42F14D1D7D78D100F5807A /* BmobPost.swift */; };
		9B42F1501D7D7B3200F5807A /* BmobFile.swift in Sources */ = {isa = PBXBuildFile; fileRef = 9B42F14F1D7D7B3200F5807A /* BmobFile.swift */; };
		9B6576B71D1FC09100F5F385 /* AppDelegate.swift in Sources */ = {isa = PBXBuildFile; fileRef = 9B6576B61D1FC09100F5F385 /* AppDelegate.swift */; };
		9B6576B91D1FC09100F5F385 /* ViewController.swift in Sources */ = {isa = PBXBuildFile; fileRef = 9B6576B81D1FC09100F5F385 /* ViewController.swift */; };
		9B6576BC1D1FC09100F5F385 /* Main.storyboard in Resources */ = {isa = PBXBuildFile; fileRef = 9B6576BA1D1FC09100F5F385 /* Main.storyboard */; };
		9B6576BF1D1FC09100F5F385 /* NuoNuo.xcdatamodeld in Sources */ = {isa = PBXBuildFile; fileRef = 9B6576BD1D1FC09100F5F385 /* NuoNuo.xcdatamodeld */; };
		9B6576C11D1FC09100F5F385 /* Assets.xcassets in Resources */ = {isa = PBXBuildFile; fileRef = 9B6576C01D1FC09100F5F385 /* Assets.xcassets */; };
		9B6576C41D1FC09100F5F385 /* LaunchScreen.storyboard in Resources */ = {isa = PBXBuildFile; fileRef = 9B6576C21D1FC09100F5F385 /* LaunchScreen.storyboard */; };
		9BD29FC31D5384DC00CEC9F4 /* SMSSDKErrorHandler.swift in Sources */ = {isa = PBXBuildFile; fileRef = 9BD29FC21D5384DC00CEC9F4 /* SMSSDKErrorHandler.swift */; };
		9BD29FF01D560AAD00CEC9F4 /* AlertHandler.swift in Sources */ = {isa = PBXBuildFile; fileRef = 9BD29FEF1D560AAD00CEC9F4 /* AlertHandler.swift */; };
		9BD29FF21D561DBB00CEC9F4 /* HCImagePickerHandler.swift in Sources */ = {isa = PBXBuildFile; fileRef = 9BD29FF11D561DBB00CEC9F4 /* HCImagePickerHandler.swift */; };
		9BD29FF41D561DE400CEC9F4 /* DeviceLimitHandler.swift in Sources */ = {isa = PBXBuildFile; fileRef = 9BD29FF31D561DE400CEC9F4 /* DeviceLimitHandler.swift */; };
		9BD29FF71D5B66F900CEC9F4 /* BombUtils.swift in Sources */ = {isa = PBXBuildFile; fileRef = 9BD29FF61D5B66F900CEC9F4 /* BombUtils.swift */; };
		9BD29FF91D634BB100CEC9F4 /* ImageHandler.swift in Sources */ = {isa = PBXBuildFile; fileRef = 9BD29FF81D634BB100CEC9F4 /* ImageHandler.swift */; };
/* End PBXBuildFile section */

/* Begin PBXFileReference section */
		56DE5627269DCCC16C4F5321 /* Pods-MyApp-NuoNuo.debug.xcconfig */ = {isa = PBXFileReference; includeInIndex = 1; lastKnownFileType = text.xcconfig; name = "Pods-MyApp-NuoNuo.debug.xcconfig"; path = "Pods/Target Support Files/Pods-MyApp-NuoNuo/Pods-MyApp-NuoNuo.debug.xcconfig"; sourceTree = "<group>"; };
		91826F5D95F36071FB51B5C3 /* Pods_MyApp_NuoNuo.framework */ = {isa = PBXFileReference; explicitFileType = wrapper.framework; includeInIndex = 0; path = Pods_MyApp_NuoNuo.framework; sourceTree = BUILT_PRODUCTS_DIR; };
		9B04B9761D2E869C00C5D064 /* NuoNuo-Bridging-Header.h */ = {isa = PBXFileReference; lastKnownFileType = sourcecode.c.h; path = "NuoNuo-Bridging-Header.h"; sourceTree = "<group>"; };
		9B04B97A1D2E882200C5D064 /* NetworkResourceDef.swift */ = {isa = PBXFileReference; fileEncoding = 4; lastKnownFileType = sourcecode.swift; path = NetworkResourceDef.swift; sourceTree = "<group>"; };
		9B04B9831D2E933900C5D064 /* Base */ = {isa = PBXFileReference; lastKnownFileType = file.storyboard; name = Base; path = Base.lproj/Register.storyboard; sourceTree = "<group>"; };
		9B04B9901D37C8F400C5D064 /* LoginViewController.swift */ = {isa = PBXFileReference; fileEncoding = 4; lastKnownFileType = sourcecode.swift; name = LoginViewController.swift; path = User/LoginViewController.swift; sourceTree = "<group>"; };
		9B04B9941D3D2DBE00C5D064 /* VerifyViewController.swift */ = {isa = PBXFileReference; fileEncoding = 4; lastKnownFileType = sourcecode.swift; name = VerifyViewController.swift; path = User/VerifyViewController.swift; sourceTree = "<group>"; };
		9B04B9981D3D348700C5D064 /* RegisterViewController.swift */ = {isa = PBXFileReference; fileEncoding = 4; lastKnownFileType = sourcecode.swift; name = RegisterViewController.swift; path = User/RegisterViewController.swift; sourceTree = "<group>"; };
		9B04B99D1D3E5D1A00C5D064 /* Constants.swift */ = {isa = PBXFileReference; fileEncoding = 4; lastKnownFileType = sourcecode.swift; name = Constants.swift; path = Common/Constants.swift; sourceTree = "<group>"; };
		9B2A034D1D7C5F2B0091BDF1 /* PostViewController.swift */ = {isa = PBXFileReference; fileEncoding = 4; lastKnownFileType = sourcecode.swift; path = PostViewController.swift; sourceTree = "<group>"; };
		9B42F14D1D7D78D100F5807A /* BmobPost.swift */ = {isa = PBXFileReference; fileEncoding = 4; lastKnownFileType = sourcecode.swift; name = BmobPost.swift; path = Frameworks/Bmob/BmobPost.swift; sourceTree = "<group>"; };
		9B42F14F1D7D7B3200F5807A /* BmobFile.swift */ = {isa = PBXFileReference; fileEncoding = 4; lastKnownFileType = sourcecode.swift; name = BmobFile.swift; path = Frameworks/Bmob/BmobFile.swift; sourceTree = "<group>"; };
		9B6576B31D1FC09100F5F385 /* NuoNuo.app */ = {isa = PBXFileReference; explicitFileType = wrapper.application; includeInIndex = 0; path = NuoNuo.app; sourceTree = BUILT_PRODUCTS_DIR; };
		9B6576B61D1FC09100F5F385 /* AppDelegate.swift */ = {isa = PBXFileReference; lastKnownFileType = sourcecode.swift; path = AppDelegate.swift; sourceTree = "<group>"; };
		9B6576B81D1FC09100F5F385 /* ViewController.swift */ = {isa = PBXFileReference; lastKnownFileType = sourcecode.swift; path = ViewController.swift; sourceTree = "<group>"; };
		9B6576BB1D1FC09100F5F385 /* Base */ = {isa = PBXFileReference; lastKnownFileType = file.storyboard; name = Base; path = Base.lproj/Main.storyboard; sourceTree = "<group>"; };
		9B6576BE1D1FC09100F5F385 /* NuoNuo.xcdatamodel */ = {isa = PBXFileReference; lastKnownFileType = wrapper.xcdatamodel; path = NuoNuo.xcdatamodel; sourceTree = "<group>"; };
		9B6576C01D1FC09100F5F385 /* Assets.xcassets */ = {isa = PBXFileReference; lastKnownFileType = folder.assetcatalog; path = Assets.xcassets; sourceTree = "<group>"; };
		9B6576C31D1FC09100F5F385 /* Base */ = {isa = PBXFileReference; lastKnownFileType = file.storyboard; name = Base; path = Base.lproj/LaunchScreen.storyboard; sourceTree = "<group>"; };
		9B6576C51D1FC09100F5F385 /* Info.plist */ = {isa = PBXFileReference; lastKnownFileType = text.plist.xml; path = Info.plist; sourceTree = "<group>"; };
		9B6576CE1D1FC09100F5F385 /* NuoNuoTests.swift */ = {isa = PBXFileReference; lastKnownFileType = sourcecode.swift; path = NuoNuoTests.swift; sourceTree = "<group>"; };
		9B6576D01D1FC09100F5F385 /* Info.plist */ = {isa = PBXFileReference; lastKnownFileType = text.plist.xml; path = Info.plist; sourceTree = "<group>"; };
		9B6576D91D1FC09100F5F385 /* NuoNuoUITests.swift */ = {isa = PBXFileReference; lastKnownFileType = sourcecode.swift; path = NuoNuoUITests.swift; sourceTree = "<group>"; };
		9B6576DB1D1FC09100F5F385 /* Info.plist */ = {isa = PBXFileReference; lastKnownFileType = text.plist.xml; path = Info.plist; sourceTree = "<group>"; };
		9BD29FC21D5384DC00CEC9F4 /* SMSSDKErrorHandler.swift */ = {isa = PBXFileReference; fileEncoding = 4; lastKnownFileType = sourcecode.swift; name = SMSSDKErrorHandler.swift; path = Frameworks/SMSSDK/SMSSDKErrorHandler.swift; sourceTree = "<group>"; };
		9BD29FEF1D560AAD00CEC9F4 /* AlertHandler.swift */ = {isa = PBXFileReference; fileEncoding = 4; lastKnownFileType = sourcecode.swift; name = AlertHandler.swift; path = Common/AlertHandler.swift; sourceTree = "<group>"; };
		9BD29FF11D561DBB00CEC9F4 /* HCImagePickerHandler.swift */ = {isa = PBXFileReference; fileEncoding = 4; lastKnownFileType = sourcecode.swift; name = HCImagePickerHandler.swift; path = Common/HCImagePickerHandler.swift; sourceTree = "<group>"; };
		9BD29FF31D561DE400CEC9F4 /* DeviceLimitHandler.swift */ = {isa = PBXFileReference; fileEncoding = 4; lastKnownFileType = sourcecode.swift; name = DeviceLimitHandler.swift; path = Common/DeviceLimitHandler.swift; sourceTree = "<group>"; };
		9BD29FF61D5B66F900CEC9F4 /* BombUtils.swift */ = {isa = PBXFileReference; fileEncoding = 4; lastKnownFileType = sourcecode.swift; name = BombUtils.swift; path = Frameworks/Bmob/BombUtils.swift; sourceTree = "<group>"; };
		9BD29FF81D634BB100CEC9F4 /* ImageHandler.swift */ = {isa = PBXFileReference; fileEncoding = 4; lastKnownFileType = sourcecode.swift; name = ImageHandler.swift; path = Common/ImageHandler.swift; sourceTree = "<group>"; };
		E69BAF0909BF06F86ABD8850 /* Pods-MyApp-NuoNuo.release.xcconfig */ = {isa = PBXFileReference; includeInIndex = 1; lastKnownFileType = text.xcconfig; name = "Pods-MyApp-NuoNuo.release.xcconfig"; path = "Pods/Target Support Files/Pods-MyApp-NuoNuo/Pods-MyApp-NuoNuo.release.xcconfig"; sourceTree = "<group>"; };
/* End PBXFileReference section */

/* Begin PBXFrameworksBuildPhase section */
		9B6576B01D1FC09100F5F385 /* Frameworks */ = {
			isa = PBXFrameworksBuildPhase;
			buildActionMask = 2147483647;
			files = (
				0786B7CE8B6EB5284D0EE61C /* Pods_MyApp_NuoNuo.framework in Frameworks */,
			);
			runOnlyForDeploymentPostprocessing = 0;
		};
/* End PBXFrameworksBuildPhase section */

/* Begin PBXGroup section */
		50CD4BF6A63E8BDB7C368022 /* Frameworks */ = {
			isa = PBXGroup;
			children = (
				91826F5D95F36071FB51B5C3 /* Pods_MyApp_NuoNuo.framework */,
			);
			name = Frameworks;
			sourceTree = "<group>";
		};
		7099AF075A5CBD69DC26CF6E /* Pods */ = {
			isa = PBXGroup;
			children = (
				56DE5627269DCCC16C4F5321 /* Pods-MyApp-NuoNuo.debug.xcconfig */,
				E69BAF0909BF06F86ABD8850 /* Pods-MyApp-NuoNuo.release.xcconfig */,
			);
			name = Pods;
			sourceTree = "<group>";
		};
		9B04B98F1D37C8D900C5D064 /* User */ = {
			isa = PBXGroup;
			children = (
				9B04B9901D37C8F400C5D064 /* LoginViewController.swift */,
				9B04B9941D3D2DBE00C5D064 /* VerifyViewController.swift */,
				9B04B9981D3D348700C5D064 /* RegisterViewController.swift */,
			);
			name = User;
			sourceTree = "<group>";
		};
		9B04B99C1D3E5CA700C5D064 /* Common */ = {
			isa = PBXGroup;
			children = (
				9BD29FF81D634BB100CEC9F4 /* ImageHandler.swift */,
				9BD29FF11D561DBB00CEC9F4 /* HCImagePickerHandler.swift */,
				9BD29FF31D561DE400CEC9F4 /* DeviceLimitHandler.swift */,
				9BD29FEF1D560AAD00CEC9F4 /* AlertHandler.swift */,
				9B04B99D1D3E5D1A00C5D064 /* Constants.swift */,
			);
			name = Common;
			sourceTree = "<group>";
		};
		9B6576AA1D1FC09100F5F385 = {
			isa = PBXGroup;
			children = (
				9B6576B51D1FC09100F5F385 /* NuoNuo */,
				9B6576CD1D1FC09100F5F385 /* NuoNuoTests */,
				9B6576D81D1FC09100F5F385 /* NuoNuoUITests */,
				9B6576B41D1FC09100F5F385 /* Products */,
				7099AF075A5CBD69DC26CF6E /* Pods */,
				50CD4BF6A63E8BDB7C368022 /* Frameworks */,
				9B04B9761D2E869C00C5D064 /* NuoNuo-Bridging-Header.h */,
			);
			sourceTree = "<group>";
		};
		9B6576B41D1FC09100F5F385 /* Products */ = {
			isa = PBXGroup;
			children = (
				9B6576B31D1FC09100F5F385 /* NuoNuo.app */,
			);
			name = Products;
			sourceTree = "<group>";
		};
		9B6576B51D1FC09100F5F385 /* NuoNuo */ = {
			isa = PBXGroup;
			children = (
				9BD29FC01D5384A800CEC9F4 /* Frameworks */,
				9B04B99C1D3E5CA700C5D064 /* Common */,
				9B04B98F1D37C8D900C5D064 /* User */,
				9B6576B61D1FC09100F5F385 /* AppDelegate.swift */,
				9B04B97A1D2E882200C5D064 /* NetworkResourceDef.swift */,
				9B6576B81D1FC09100F5F385 /* ViewController.swift */,
				9B6576BA1D1FC09100F5F385 /* Main.storyboard */,
				9B2A034D1D7C5F2B0091BDF1 /* PostViewController.swift */,
				9B6576C01D1FC09100F5F385 /* Assets.xcassets */,
				9B6576C21D1FC09100F5F385 /* LaunchScreen.storyboard */,
				9B6576C51D1FC09100F5F385 /* Info.plist */,
				9B6576BD1D1FC09100F5F385 /* NuoNuo.xcdatamodeld */,
				9B04B9821D2E933900C5D064 /* Register.storyboard */,
			);
			path = NuoNuo;
			sourceTree = "<group>";
		};
		9B6576CD1D1FC09100F5F385 /* NuoNuoTests */ = {
			isa = PBXGroup;
			children = (
				9B6576CE1D1FC09100F5F385 /* NuoNuoTests.swift */,
				9B6576D01D1FC09100F5F385 /* Info.plist */,
			);
			path = NuoNuoTests;
			sourceTree = "<group>";
		};
		9B6576D81D1FC09100F5F385 /* NuoNuoUITests */ = {
			isa = PBXGroup;
			children = (
				9B6576D91D1FC09100F5F385 /* NuoNuoUITests.swift */,
				9B6576DB1D1FC09100F5F385 /* Info.plist */,
			);
			path = NuoNuoUITests;
			sourceTree = "<group>";
		};
		9BD29FC01D5384A800CEC9F4 /* Frameworks */ = {
			isa = PBXGroup;
			children = (
				9BD29FF51D5B66B800CEC9F4 /* Bmob */,
				9BD29FC11D5384C700CEC9F4 /* SMSSDK */,
			);
			name = Frameworks;
			sourceTree = "<group>";
		};
		9BD29FC11D5384C700CEC9F4 /* SMSSDK */ = {
			isa = PBXGroup;
			children = (
				9BD29FC21D5384DC00CEC9F4 /* SMSSDKErrorHandler.swift */,
			);
			name = SMSSDK;
			sourceTree = "<group>";
		};
		9BD29FF51D5B66B800CEC9F4 /* Bmob */ = {
			isa = PBXGroup;
			children = (
				9BD29FF61D5B66F900CEC9F4 /* BombUtils.swift */,
				9B42F14D1D7D78D100F5807A /* BmobPost.swift */,
				9B42F14F1D7D7B3200F5807A /* BmobFile.swift */,
			);
			name = Bmob;
			sourceTree = "<group>";
		};
/* End PBXGroup section */

/* Begin PBXNativeTarget section */
		9B6576B21D1FC09100F5F385 /* NuoNuo */ = {
			isa = PBXNativeTarget;
			buildConfigurationList = 9B6576DE1D1FC09100F5F385 /* Build configuration list for PBXNativeTarget "NuoNuo" */;
			buildPhases = (
				8BD4F25D9444601CCD5C1C8E /* Check Pods Manifest.lock */,
				9B6576AF1D1FC09100F5F385 /* Sources */,
				9B6576B01D1FC09100F5F385 /* Frameworks */,
				9B6576B11D1FC09100F5F385 /* Resources */,
				77106D6F9589DA107FCD1D26 /* Embed Pods Frameworks */,
				0AFF5EEB25EF7F52DA4F9B71 /* Copy Pods Resources */,
			);
			buildRules = (
			);
			dependencies = (
			);
			name = NuoNuo;
			productName = NuoNuo;
			productReference = 9B6576B31D1FC09100F5F385 /* NuoNuo.app */;
			productType = "com.apple.product-type.application";
		};
/* End PBXNativeTarget section */

/* Begin PBXProject section */
		9B6576AB1D1FC09100F5F385 /* Project object */ = {
			isa = PBXProject;
			attributes = {
				LastSwiftUpdateCheck = 0730;
				LastUpgradeCheck = 0730;
				ORGANIZATIONNAME = ruby;
				TargetAttributes = {
					9B6576B21D1FC09100F5F385 = {
						CreatedOnToolsVersion = 7.3.1;
					};
				};
			};
			buildConfigurationList = 9B6576AE1D1FC09100F5F385 /* Build configuration list for PBXProject "NuoNuo" */;
			compatibilityVersion = "Xcode 3.2";
			developmentRegion = English;
			hasScannedForEncodings = 0;
			knownRegions = (
				en,
				Base,
			);
			mainGroup = 9B6576AA1D1FC09100F5F385;
			productRefGroup = 9B6576B41D1FC09100F5F385 /* Products */;
			projectDirPath = "";
			projectRoot = "";
			targets = (
				9B6576B21D1FC09100F5F385 /* NuoNuo */,
			);
		};
/* End PBXProject section */

/* Begin PBXResourcesBuildPhase section */
		9B6576B11D1FC09100F5F385 /* Resources */ = {
			isa = PBXResourcesBuildPhase;
			buildActionMask = 2147483647;
			files = (
				9B6576C41D1FC09100F5F385 /* LaunchScreen.storyboard in Resources */,
				9B6576C11D1FC09100F5F385 /* Assets.xcassets in Resources */,
				9B6576BC1D1FC09100F5F385 /* Main.storyboard in Resources */,
				9B04B9841D2E933900C5D064 /* Register.storyboard in Resources */,
			);
			runOnlyForDeploymentPostprocessing = 0;
		};
/* End PBXResourcesBuildPhase section */

/* Begin PBXShellScriptBuildPhase section */
		0AFF5EEB25EF7F52DA4F9B71 /* Copy Pods Resources */ = {
			isa = PBXShellScriptBuildPhase;
			buildActionMask = 2147483647;
			files = (
			);
			inputPaths = (
			);
			name = "Copy Pods Resources";
			outputPaths = (
			);
			runOnlyForDeploymentPostprocessing = 0;
			shellPath = /bin/sh;
			shellScript = "\"${SRCROOT}/Pods/Target Support Files/Pods-MyApp-NuoNuo/Pods-MyApp-NuoNuo-resources.sh\"\n";
			showEnvVarsInLog = 0;
		};
		77106D6F9589DA107FCD1D26 /* Embed Pods Frameworks */ = {
			isa = PBXShellScriptBuildPhase;
			buildActionMask = 2147483647;
			files = (
			);
			inputPaths = (
			);
			name = "Embed Pods Frameworks";
			outputPaths = (
			);
			runOnlyForDeploymentPostprocessing = 0;
			shellPath = /bin/sh;
			shellScript = "\"${SRCROOT}/Pods/Target Support Files/Pods-MyApp-NuoNuo/Pods-MyApp-NuoNuo-frameworks.sh\"\n";
			showEnvVarsInLog = 0;
		};
		8BD4F25D9444601CCD5C1C8E /* Check Pods Manifest.lock */ = {
			isa = PBXShellScriptBuildPhase;
			buildActionMask = 2147483647;
			files = (
			);
			inputPaths = (
			);
			name = "Check Pods Manifest.lock";
			outputPaths = (
			);
			runOnlyForDeploymentPostprocessing = 0;
			shellPath = /bin/sh;
			shellScript = "diff \"${PODS_ROOT}/../Podfile.lock\" \"${PODS_ROOT}/Manifest.lock\" > /dev/null\nif [[ $? != 0 ]] ; then\n    cat << EOM\nerror: The sandbox is not in sync with the Podfile.lock. Run 'pod install' or update your CocoaPods installation.\nEOM\n    exit 1\nfi\n";
			showEnvVarsInLog = 0;
		};
/* End PBXShellScriptBuildPhase section */

/* Begin PBXSourcesBuildPhase section */
		9B6576AF1D1FC09100F5F385 /* Sources */ = {
			isa = PBXSourcesBuildPhase;
			buildActionMask = 2147483647;
			files = (
				9B04B97B1D2E882200C5D064 /* NetworkResourceDef.swift in Sources */,
				9BD29FF01D560AAD00CEC9F4 /* AlertHandler.swift in Sources */,
				9B42F1501D7D7B3200F5807A /* BmobFile.swift in Sources */,
				9BD29FF71D5B66F900CEC9F4 /* BombUtils.swift in Sources */,
				9B6576B91D1FC09100F5F385 /* ViewController.swift in Sources */,
				9B04B9991D3D348700C5D064 /* RegisterViewController.swift in Sources */,
				9B6576B71D1FC09100F5F385 /* AppDelegate.swift in Sources */,
				9B04B9951D3D2DBE00C5D064 /* VerifyViewController.swift in Sources */,
				9B04B9911D37C8F400C5D064 /* LoginViewController.swift in Sources */,
				9B6576BF1D1FC09100F5F385 /* NuoNuo.xcdatamodeld in Sources */,
				9B2A034E1D7C5F2B0091BDF1 /* PostViewController.swift in Sources */,
				9BD29FF41D561DE400CEC9F4 /* DeviceLimitHandler.swift in Sources */,
				9BD29FF91D634BB100CEC9F4 /* ImageHandler.swift in Sources */,
				9BD29FC31D5384DC00CEC9F4 /* SMSSDKErrorHandler.swift in Sources */,
				9BD29FF21D561DBB00CEC9F4 /* HCImagePickerHandler.swift in Sources */,
				9B04B99E1D3E5D1A00C5D064 /* Constants.swift in Sources */,
				9B42F14E1D7D78D100F5807A /* BmobPost.swift in Sources */,
			);
			runOnlyForDeploymentPostprocessing = 0;
		};
/* End PBXSourcesBuildPhase section */

/* Begin PBXVariantGroup section */
		9B04B9821D2E933900C5D064 /* Register.storyboard */ = {
			isa = PBXVariantGroup;
			children = (
				9B04B9831D2E933900C5D064 /* Base */,
			);
			name = Register.storyboard;
			sourceTree = "<group>";
		};
		9B6576BA1D1FC09100F5F385 /* Main.storyboard */ = {
			isa = PBXVariantGroup;
			children = (
				9B6576BB1D1FC09100F5F385 /* Base */,
			);
			name = Main.storyboard;
			sourceTree = "<group>";
		};
		9B6576C21D1FC09100F5F385 /* LaunchScreen.storyboard */ = {
			isa = PBXVariantGroup;
			children = (
				9B6576C31D1FC09100F5F385 /* Base */,
			);
			name = LaunchScreen.storyboard;
			sourceTree = "<group>";
		};
/* End PBXVariantGroup section */

/* Begin XCBuildConfiguration section */
		9B6576DC1D1FC09100F5F385 /* Debug */ = {
			isa = XCBuildConfiguration;
			buildSettings = {
				ALWAYS_SEARCH_USER_PATHS = NO;
				CLANG_ANALYZER_NONNULL = YES;
				CLANG_CXX_LANGUAGE_STANDARD = "gnu++0x";
				CLANG_CXX_LIBRARY = "libc++";
				CLANG_ENABLE_MODULES = YES;
				CLANG_ENABLE_OBJC_ARC = YES;
				CLANG_WARN_BOOL_CONVERSION = YES;
				CLANG_WARN_CONSTANT_CONVERSION = YES;
				CLANG_WARN_DIRECT_OBJC_ISA_USAGE = YES_ERROR;
				CLANG_WARN_EMPTY_BODY = YES;
				CLANG_WARN_ENUM_CONVERSION = YES;
				CLANG_WARN_INT_CONVERSION = YES;
				CLANG_WARN_OBJC_ROOT_CLASS = YES_ERROR;
				CLANG_WARN_UNREACHABLE_CODE = YES;
				CLANG_WARN__DUPLICATE_METHOD_MATCH = YES;
				"CODE_SIGN_IDENTITY[sdk=iphoneos*]" = "iPhone Developer";
				COPY_PHASE_STRIP = NO;
				DEBUG_INFORMATION_FORMAT = dwarf;
				ENABLE_STRICT_OBJC_MSGSEND = YES;
				ENABLE_TESTABILITY = YES;
				GCC_C_LANGUAGE_STANDARD = gnu99;
				GCC_DYNAMIC_NO_PIC = NO;
				GCC_NO_COMMON_BLOCKS = YES;
				GCC_OPTIMIZATION_LEVEL = 0;
				GCC_PREPROCESSOR_DEFINITIONS = (
					"DEBUG=1",
					"$(inherited)",
				);
				GCC_WARN_64_TO_32_BIT_CONVERSION = YES;
				GCC_WARN_ABOUT_RETURN_TYPE = YES_ERROR;
				GCC_WARN_UNDECLARED_SELECTOR = YES;
				GCC_WARN_UNINITIALIZED_AUTOS = YES_AGGRESSIVE;
				GCC_WARN_UNUSED_FUNCTION = YES;
				GCC_WARN_UNUSED_VARIABLE = YES;
				IPHONEOS_DEPLOYMENT_TARGET = 8.0;
				MTL_ENABLE_DEBUG_INFO = YES;
				ONLY_ACTIVE_ARCH = YES;
				SDKROOT = iphoneos;
				SWIFT_OPTIMIZATION_LEVEL = "-Onone";
				TARGETED_DEVICE_FAMILY = "1,2";
			};
			name = Debug;
		};
		9B6576DD1D1FC09100F5F385 /* Release */ = {
			isa = XCBuildConfiguration;
			buildSettings = {
				ALWAYS_SEARCH_USER_PATHS = NO;
				CLANG_ANALYZER_NONNULL = YES;
				CLANG_CXX_LANGUAGE_STANDARD = "gnu++0x";
				CLANG_CXX_LIBRARY = "libc++";
				CLANG_ENABLE_MODULES = YES;
				CLANG_ENABLE_OBJC_ARC = YES;
				CLANG_WARN_BOOL_CONVERSION = YES;
				CLANG_WARN_CONSTANT_CONVERSION = YES;
				CLANG_WARN_DIRECT_OBJC_ISA_USAGE = YES_ERROR;
				CLANG_WARN_EMPTY_BODY = YES;
				CLANG_WARN_ENUM_CONVERSION = YES;
				CLANG_WARN_INT_CONVERSION = YES;
				CLANG_WARN_OBJC_ROOT_CLASS = YES_ERROR;
				CLANG_WARN_UNREACHABLE_CODE = YES;
				CLANG_WARN__DUPLICATE_METHOD_MATCH = YES;
				"CODE_SIGN_IDENTITY[sdk=iphoneos*]" = "iPhone Developer";
				COPY_PHASE_STRIP = NO;
				DEBUG_INFORMATION_FORMAT = "dwarf-with-dsym";
				ENABLE_NS_ASSERTIONS = NO;
				ENABLE_STRICT_OBJC_MSGSEND = YES;
				GCC_C_LANGUAGE_STANDARD = gnu99;
				GCC_NO_COMMON_BLOCKS = YES;
				GCC_WARN_64_TO_32_BIT_CONVERSION = YES;
				GCC_WARN_ABOUT_RETURN_TYPE = YES_ERROR;
				GCC_WARN_UNDECLARED_SELECTOR = YES;
				GCC_WARN_UNINITIALIZED_AUTOS = YES_AGGRESSIVE;
				GCC_WARN_UNUSED_FUNCTION = YES;
				GCC_WARN_UNUSED_VARIABLE = YES;
				IPHONEOS_DEPLOYMENT_TARGET = 8.0;
				MTL_ENABLE_DEBUG_INFO = NO;
				SDKROOT = iphoneos;
				TARGETED_DEVICE_FAMILY = "1,2";
				VALIDATE_PRODUCT = YES;
			};
			name = Release;
		};
		9B6576DF1D1FC09100F5F385 /* Debug */ = {
			isa = XCBuildConfiguration;
			baseConfigurationReference = 56DE5627269DCCC16C4F5321 /* Pods-MyApp-NuoNuo.debug.xcconfig */;
			buildSettings = {
				ASSETCATALOG_COMPILER_APPICON_NAME = AppIcon;
				CLANG_ENABLE_MODULES = YES;
				ENABLE_BITCODE = NO;
				INFOPLIST_FILE = NuoNuo/Info.plist;
				LD_RUNPATH_SEARCH_PATHS = "$(inherited) @executable_path/Frameworks";
				PRODUCT_BUNDLE_IDENTIFIER = com.ruby.NuoNuo;
				PRODUCT_NAME = "$(TARGET_NAME)";
				SWIFT_OBJC_BRIDGING_HEADER = "NuoNuo-Bridging-Header.h";
				SWIFT_OPTIMIZATION_LEVEL = "-Onone";
				TARGETED_DEVICE_FAMILY = 1;
			};
			name = Debug;
		};
		9B6576E01D1FC09100F5F385 /* Release */ = {
			isa = XCBuildConfiguration;
			baseConfigurationReference = E69BAF0909BF06F86ABD8850 /* Pods-MyApp-NuoNuo.release.xcconfig */;
			buildSettings = {
				ASSETCATALOG_COMPILER_APPICON_NAME = AppIcon;
				CLANG_ENABLE_MODULES = YES;
				ENABLE_BITCODE = NO;
				INFOPLIST_FILE = NuoNuo/Info.plist;
				LD_RUNPATH_SEARCH_PATHS = "$(inherited) @executable_path/Frameworks";
				PRODUCT_BUNDLE_IDENTIFIER = com.ruby.NuoNuo;
				PRODUCT_NAME = "$(TARGET_NAME)";
				SWIFT_OBJC_BRIDGING_HEADER = "NuoNuo-Bridging-Header.h";
				TARGETED_DEVICE_FAMILY = 1;
			};
			name = Release;
		};
/* End XCBuildConfiguration section */

/* Begin XCConfigurationList section */
		9B6576AE1D1FC09100F5F385 /* Build configuration list for PBXProject "NuoNuo" */ = {
			isa = XCConfigurationList;
			buildConfigurations = (
				9B6576DC1D1FC09100F5F385 /* Debug */,
				9B6576DD1D1FC09100F5F385 /* Release */,
			);
			defaultConfigurationIsVisible = 0;
			defaultConfigurationName = Release;
		};
		9B6576DE1D1FC09100F5F385 /* Build configuration list for PBXNativeTarget "NuoNuo" */ = {
			isa = XCConfigurationList;
			buildConfigurations = (
				9B6576DF1D1FC09100F5F385 /* Debug */,
				9B6576E01D1FC09100F5F385 /* Release */,
			);
			defaultConfigurationIsVisible = 0;
			defaultConfigurationName = Release;
		};
/* End XCConfigurationList section */

/* Begin XCVersionGroup section */
		9B6576BD1D1FC09100F5F385 /* NuoNuo.xcdatamodeld */ = {
			isa = XCVersionGroup;
			children = (
				9B6576BE1D1FC09100F5F385 /* NuoNuo.xcdatamodel */,
			);
			currentVersion = 9B6576BE1D1FC09100F5F385 /* NuoNuo.xcdatamodel */;
			path = NuoNuo.xcdatamodeld;
			sourceTree = "<group>";
			versionGroupType = wrapper.xcdatamodel;
		};
/* End XCVersionGroup section */
	};
	rootObject = 9B6576AB1D1FC09100F5F385 /* Project object */;
}
